
Microsoft Visual Studio Solution File, Format Version 12.00
# Visual Studio Version 16
VisualStudioVersion = 16.0.31911.196
MinimumVisualStudioVersion = 10.0.40219.1
Project("{FAE04EC0-301F-11D3-BF4B-00C04F79EFBC}") = "NaderK_Assign1", "NaderK_Assign1\NaderK_Assign1.csproj", "{83AA94C5-AE98-4880-B509-8CB9C03D538C}"
EndProject
Global
	GlobalSection(SolutionConfigurationPlatforms) = preSolution
		Debug|Any CPU = Debug|Any CPU
		Release|Any CPU = Release|Any CPU
	EndGlobalSection
	GlobalSection(ProjectConfigurationPlatforms) = postSolution
		{83AA94C5-AE98-4880-B509-8CB9C03D538C}.Debug|Any CPU.ActiveCfg = Debug|Any CPU
		{83AA94C5-AE98-4880-B509-8CB9C03D538C}.Debug|Any CPU.Build.0 = Debug|Any CPU
		{83AA94C5-AE98-4880-B509-8CB9C03D538C}.Release|Any CPU.ActiveCfg = Release|Any CPU
		{83AA94C5-AE98-4880-B509-8CB9C03D538C}.Release|Any CPU.Build.0 = Release|Any CPU
	EndGlobalSection
	GlobalSection(SolutionProperties) = preSolution
		HideSolutionNode = FALSE
	EndGlobalSection
	GlobalSection(ExtensibilityGlobals) = postSolution
		SolutionGuid = {A7628635-D914-4FEE-B87E-F290DF07E2CF}
	EndGlobalSection
EndGlobal
